
Microsoft Visual Studio Solution File, Format Version 12.00
# Visual Studio Version 16
VisualStudioVersion = 16.0.32228.343
MinimumVisualStudioVersion = 10.0.40219.1
Project("{FAE04EC0-301F-11D3-BF4B-00C04F79EFBC}") = "PT_Lab3", "PT_Lab3\PT_Lab3.csproj", "{EB0C93F7-7E2E-49BE-8A35-CE924468A999}"
EndProject
Global
	GlobalSection(SolutionConfigurationPlatforms) = preSolution
		Debug|Any CPU = Debug|Any CPU
		Release|Any CPU = Release|Any CPU
	EndGlobalSection
	GlobalSection(ProjectConfigurationPlatforms) = postSolution
		{EB0C93F7-7E2E-49BE-8A35-CE924468A999}.Debug|Any CPU.ActiveCfg = Debug|Any CPU
		{EB0C93F7-7E2E-49BE-8A35-CE924468A999}.Debug|Any CPU.Build.0 = Debug|Any CPU
		{EB0C93F7-7E2E-49BE-8A35-CE924468A999}.Release|Any CPU.ActiveCfg = Release|Any CPU
		{EB0C93F7-7E2E-49BE-8A35-CE924468A999}.Release|Any CPU.Build.0 = Release|Any CPU
	EndGlobalSection
	GlobalSection(SolutionProperties) = preSolution
		HideSolutionNode = FALSE
	EndGlobalSection
	GlobalSection(ExtensibilityGlobals) = postSolution
		SolutionGuid = {DC8EA5FC-879A-41D5-BF27-B20E14636524}
	EndGlobalSection
EndGlobal
